
Microsoft Visual Studio Solution File, Format Version 12.00
# Visual Studio Version 16
VisualStudioVersion = 16.0.31911.196
MinimumVisualStudioVersion = 10.0.40219.1
Project("{9A19103F-16F7-4668-BE54-9A1E7A4F7556}") = "Presentation", "src\Presentation\Presentation.csproj", "{39FD729A-2CF9-47B5-835A-8996CAB0FCF0}"
EndProject
Project("{9A19103F-16F7-4668-BE54-9A1E7A4F7556}") = "Infrastructure", "src\Infrastructure\Infrastructure.csproj", "{1DAD2AAF-16D5-4F1D-911A-1BB8EDEEF2FB}"
EndProject
Project("{FAE04EC0-301F-11D3-BF4B-00C04F79EFBC}") = "Shared", "src\Shared\Shared.csproj", "{1E678666-C703-4203-8A04-CCBE0EEFFA5F}"
EndProject
Global
	GlobalSection(SolutionConfigurationPlatforms) = preSolution
		Debug|Any CPU = Debug|Any CPU
		Release|Any CPU = Release|Any CPU
	EndGlobalSection
	GlobalSection(ProjectConfigurationPlatforms) = postSolution
		{39FD729A-2CF9-47B5-835A-8996CAB0FCF0}.Debug|Any CPU.ActiveCfg = Debug|Any CPU
		{39FD729A-2CF9-47B5-835A-8996CAB0FCF0}.Debug|Any CPU.Build.0 = Debug|Any CPU
		{39FD729A-2CF9-47B5-835A-8996CAB0FCF0}.Release|Any CPU.ActiveCfg = Release|Any CPU
		{39FD729A-2CF9-47B5-835A-8996CAB0FCF0}.Release|Any CPU.Build.0 = Release|Any CPU
		{1DAD2AAF-16D5-4F1D-911A-1BB8EDEEF2FB}.Debug|Any CPU.ActiveCfg = Debug|Any CPU
		{1DAD2AAF-16D5-4F1D-911A-1BB8EDEEF2FB}.Debug|Any CPU.Build.0 = Debug|Any CPU
		{1DAD2AAF-16D5-4F1D-911A-1BB8EDEEF2FB}.Release|Any CPU.ActiveCfg = Release|Any CPU
		{1DAD2AAF-16D5-4F1D-911A-1BB8EDEEF2FB}.Release|Any CPU.Build.0 = Release|Any CPU
		{1E678666-C703-4203-8A04-CCBE0EEFFA5F}.Debug|Any CPU.ActiveCfg = Debug|Any CPU
		{1E678666-C703-4203-8A04-CCBE0EEFFA5F}.Debug|Any CPU.Build.0 = Debug|Any CPU
		{1E678666-C703-4203-8A04-CCBE0EEFFA5F}.Release|Any CPU.ActiveCfg = Release|Any CPU
		{1E678666-C703-4203-8A04-CCBE0EEFFA5F}.Release|Any CPU.Build.0 = Release|Any CPU
	EndGlobalSection
	GlobalSection(SolutionProperties) = preSolution
		HideSolutionNode = FALSE
	EndGlobalSection
	GlobalSection(ExtensibilityGlobals) = postSolution
		SolutionGuid = {0BFF6B67-7938-4C29-ABC3-E0E0698ACB15}
	EndGlobalSection
EndGlobal
